# This file is automatically @generated by Cargo.
# It is not intended for manual editing.
version = 4

[[package]]
name = "hulk-ast"
version = "0.0.1"
dependencies = [
 "hulk-span",
]

[[package]]
name = "hulk-banner"
version = "0.0.1"
dependencies = [
 "hulk-diagnostics",
 "hulk-hir",
]

[[package]]
name = "hulk-cli"
version = "0.0.1"
dependencies = [
 "hulk-driver",
]

[[package]]
name = "hulk-codegen"
version = "0.0.1"
dependencies = [
 "hulk-banner",
 "hulk-diagnostics",
]

[[package]]
name = "hulk-desugar"
version = "0.0.1"
dependencies = [
 "hulk-diagnostics",
 "hulk-hir",
]

[[package]]
name = "hulk-diagnostics"
version = "0.0.1"
dependencies = [
 "hulk-span",
]

[[package]]
name = "hulk-driver"
version = "0.0.1"
dependencies = [
 "hulk-banner",
 "hulk-codegen",
 "hulk-desugar",
 "hulk-hir",
 "hulk-lexer",
 "hulk-macros",
 "hulk-parser",
 "hulk-semantic",
 "hulk-types",
]

[[package]]
name = "hulk-hir"
version = "0.0.1"
dependencies = [
 "hulk-ast",
 "hulk-semantic",
 "hulk-types",
]

[[package]]
name = "hulk-lexer"
version = "0.0.1"
dependencies = [
 "hulk-diagnostics",
 "hulk-tokens",
]

[[package]]
name = "hulk-macros"
version = "0.0.1"
dependencies = [
 "hulk-diagnostics",
 "hulk-hir",
]

[[package]]
name = "hulk-parser"
version = "0.0.1"
dependencies = [
 "hulk-ast",
 "hulk-diagnostics",
 "hulk-tokens",
]

[[package]]
name = "hulk-semantic"
version = "0.0.1"
dependencies = [
 "hulk-ast",
 "hulk-diagnostics",
]

[[package]]
name = "hulk-span"
version = "0.0.1"

[[package]]
name = "hulk-tokens"
version = "0.0.1"
dependencies = [
 "hulk-span",
]

[[package]]
name = "hulk-types"
version = "0.0.1"
dependencies = [
 "hulk-ast",
 "hulk-diagnostics",
 "hulk-semantic",
]
